
Microsoft Visual Studio Solution File, Format Version 12.00
# Visual Studio Version 16
VisualStudioVersion = 16.0.28803.352
MinimumVisualStudioVersion = 10.0.40219.1
Project("{FAE04EC0-301F-11D3-BF4B-00C04F79EFBC}") = "ADO.NET", "ADO.NET\ADO.NET.csproj", "{EA4584ED-F4DD-41D3-A30E-66DA2C4A3FEB}"
EndProject
Global
	GlobalSection(SolutionConfigurationPlatforms) = preSolution
		Debug|Any CPU = Debug|Any CPU
		Release|Any CPU = Release|Any CPU
	EndGlobalSection
	GlobalSection(ProjectConfigurationPlatforms) = postSolution
		{EA4584ED-F4DD-41D3-A30E-66DA2C4A3FEB}.Debug|Any CPU.ActiveCfg = Debug|Any CPU
		{EA4584ED-F4DD-41D3-A30E-66DA2C4A3FEB}.Debug|Any CPU.Build.0 = Debug|Any CPU
		{EA4584ED-F4DD-41D3-A30E-66DA2C4A3FEB}.Release|Any CPU.ActiveCfg = Release|Any CPU
		{EA4584ED-F4DD-41D3-A30E-66DA2C4A3FEB}.Release|Any CPU.Build.0 = Release|Any CPU
	EndGlobalSection
	GlobalSection(SolutionProperties) = preSolution
		HideSolutionNode = FALSE
	EndGlobalSection
	GlobalSection(ExtensibilityGlobals) = postSolution
		SolutionGuid = {00135AB3-E114-4AE8-93FE-6B39AE42EA2C}
	EndGlobalSection
EndGlobal
